
Microsoft Visual Studio Solution File, Format Version 12.00
# Visual Studio Version 17
VisualStudioVersion = 17.14.36301.6
MinimumVisualStudioVersion = 10.0.40219.1
Project("{FAE04EC0-301F-11D3-BF4B-00C04F79EFBC}") = "HeatingReportMaker.ConsoleApp", "HeatingReportMaker.Console\HeatingReportMaker.ConsoleApp.csproj", "{2E2B80F6-252C-43F2-85D6-69CA7B3D052C}"
EndProject
Project("{FAE04EC0-301F-11D3-BF4B-00C04F79EFBC}") = "HeatingReportMaker.Core", "HeatingReportMaker.Core\HeatingReportMaker.Core.csproj", "{2B712953-ECDA-444F-986E-A96EA31C4EDC}"
EndProject
Project("{FAE04EC0-301F-11D3-BF4B-00C04F79EFBC}") = "HeatingReportMaker.Tests", "HeatingReportMaker.Tests\HeatingReportMaker.Tests.csproj", "{D9F453C7-A0E2-419E-B3E4-615AE8EB0D44}"
EndProject
Project("{FAE04EC0-301F-11D3-BF4B-00C04F79EFBC}") = "HeatingReportMaker.Wpf", "HeatingReportMaker.Wpf\HeatingReportMaker.Wpf.csproj", "{B9944F45-8F5F-4A3A-B09E-F12D9D92666F}"
EndProject
Global
	GlobalSection(SolutionConfigurationPlatforms) = preSolution
		Debug|Any CPU = Debug|Any CPU
		Release|Any CPU = Release|Any CPU
	EndGlobalSection
	GlobalSection(ProjectConfigurationPlatforms) = postSolution
		{2E2B80F6-252C-43F2-85D6-69CA7B3D052C}.Debug|Any CPU.ActiveCfg = Debug|Any CPU
		{2E2B80F6-252C-43F2-85D6-69CA7B3D052C}.Debug|Any CPU.Build.0 = Debug|Any CPU
		{2E2B80F6-252C-43F2-85D6-69CA7B3D052C}.Release|Any CPU.ActiveCfg = Release|Any CPU
		{2E2B80F6-252C-43F2-85D6-69CA7B3D052C}.Release|Any CPU.Build.0 = Release|Any CPU
		{2B712953-ECDA-444F-986E-A96EA31C4EDC}.Debug|Any CPU.ActiveCfg = Debug|Any CPU
		{2B712953-ECDA-444F-986E-A96EA31C4EDC}.Debug|Any CPU.Build.0 = Debug|Any CPU
		{2B712953-ECDA-444F-986E-A96EA31C4EDC}.Release|Any CPU.ActiveCfg = Release|Any CPU
		{2B712953-ECDA-444F-986E-A96EA31C4EDC}.Release|Any CPU.Build.0 = Release|Any CPU
		{D9F453C7-A0E2-419E-B3E4-615AE8EB0D44}.Debug|Any CPU.ActiveCfg = Debug|Any CPU
		{D9F453C7-A0E2-419E-B3E4-615AE8EB0D44}.Debug|Any CPU.Build.0 = Debug|Any CPU
		{D9F453C7-A0E2-419E-B3E4-615AE8EB0D44}.Release|Any CPU.ActiveCfg = Release|Any CPU
		{D9F453C7-A0E2-419E-B3E4-615AE8EB0D44}.Release|Any CPU.Build.0 = Release|Any CPU
		{B9944F45-8F5F-4A3A-B09E-F12D9D92666F}.Debug|Any CPU.ActiveCfg = Debug|Any CPU
		{B9944F45-8F5F-4A3A-B09E-F12D9D92666F}.Debug|Any CPU.Build.0 = Debug|Any CPU
		{B9944F45-8F5F-4A3A-B09E-F12D9D92666F}.Release|Any CPU.ActiveCfg = Release|Any CPU
		{B9944F45-8F5F-4A3A-B09E-F12D9D92666F}.Release|Any CPU.Build.0 = Release|Any CPU
	EndGlobalSection
	GlobalSection(SolutionProperties) = preSolution
		HideSolutionNode = FALSE
	EndGlobalSection
	GlobalSection(ExtensibilityGlobals) = postSolution
		SolutionGuid = {C2290DD7-B842-483F-AED6-8A2BD5BF7526}
	EndGlobalSection
EndGlobal
